// !$*UTF8*$!
{
	archiveVersion = 1;
	classes = {
	};
	objectVersion = 50;
	objects = {

/* Begin PBXBuildFile section */
		7318E13827284D4800B6632B /* HexagonParameters.swift in Sources */ = {isa = PBXBuildFile; fileRef = 7318E13727284D4800B6632B /* HexagonParameters.swift */; };
		7318E13B27284F7E00B6632B /* BadgeBackground.swift in Sources */ = {isa = PBXBuildFile; fileRef = 7318E13A27284F7E00B6632B /* BadgeBackground.swift */; };
		73481F8B270F2B310098936A /* Landmarks_SwiftUIApp.swift in Sources */ = {isa = PBXBuildFile; fileRef = 73481F8A270F2B310098936A /* Landmarks_SwiftUIApp.swift */; };
		73481F8D270F2B310098936A /* ContentView.swift in Sources */ = {isa = PBXBuildFile; fileRef = 73481F8C270F2B310098936A /* ContentView.swift */; };
		73481F8F270F2B3A0098936A /* Assets.xcassets in Resources */ = {isa = PBXBuildFile; fileRef = 73481F8E270F2B3A0098936A /* Assets.xcassets */; };
		73481F92270F2B3A0098936A /* Preview Assets.xcassets in Resources */ = {isa = PBXBuildFile; fileRef = 73481F91270F2B3A0098936A /* Preview Assets.xcassets */; };
		73481F9B2716F3AA0098936A /* CircleImage.swift in Sources */ = {isa = PBXBuildFile; fileRef = 73481F9A2716F3AA0098936A /* CircleImage.swift */; };
		73481F9E2720449B0098936A /* MapView.swift in Sources */ = {isa = PBXBuildFile; fileRef = 73481F9D2720449B0098936A /* MapView.swift */; };
		73481FB0272530670098936A /* LICENSE.txt in Resources */ = {isa = PBXBuildFile; fileRef = 73481FA2272530670098936A /* LICENSE.txt */; };
		73481FB1272530670098936A /* umbagog@2x.jpg in Resources */ = {isa = PBXBuildFile; fileRef = 73481FA4272530670098936A /* umbagog@2x.jpg */; };
		73481FB2272530670098936A /* twinlake@2x.jpg in Resources */ = {isa = PBXBuildFile; fileRef = 73481FA5272530670098936A /* twinlake@2x.jpg */; };
		73481FB3272530670098936A /* chincoteague@2x.jpg in Resources */ = {isa = PBXBuildFile; fileRef = 73481FA6272530670098936A /* chincoteague@2x.jpg */; };
		73481FB4272530670098936A /* lakemcdonald@2x.jpg in Resources */ = {isa = PBXBuildFile; fileRef = 73481FA7272530670098936A /* lakemcdonald@2x.jpg */; };
		73481FB5272530670098936A /* silversalmoncreek@2x.jpg in Resources */ = {isa = PBXBuildFile; fileRef = 73481FA8272530670098936A /* silversalmoncreek@2x.jpg */; };
		73481FB6272530670098936A /* icybay@2x.jpg in Resources */ = {isa = PBXBuildFile; fileRef = 73481FA9272530670098936A /* icybay@2x.jpg */; };
		73481FB7272530670098936A /* hiddenlake@2x.jpg in Resources */ = {isa = PBXBuildFile; fileRef = 73481FAA272530670098936A /* hiddenlake@2x.jpg */; };
		73481FB8272530670098936A /* chilkoottrail@2x.jpg in Resources */ = {isa = PBXBuildFile; fileRef = 73481FAB272530670098936A /* chilkoottrail@2x.jpg */; };
		73481FB9272530670098936A /* stmarylake@2x.jpg in Resources */ = {isa = PBXBuildFile; fileRef = 73481FAC272530670098936A /* stmarylake@2x.jpg */; };
		73481FBA272530670098936A /* charleyrivers@2x.jpg in Resources */ = {isa = PBXBuildFile; fileRef = 73481FAD272530670098936A /* charleyrivers@2x.jpg */; };
		73481FBB272530670098936A /* rainbowlake@2x.jpg in Resources */ = {isa = PBXBuildFile; fileRef = 73481FAE272530670098936A /* rainbowlake@2x.jpg */; };
		73481FBC272530670098936A /* landmarkData.json in Resources */ = {isa = PBXBuildFile; fileRef = 73481FAF272530670098936A /* landmarkData.json */; };
		73481FBF272533230098936A /* Landmark.swift in Sources */ = {isa = PBXBuildFile; fileRef = 73481FBE272533230098936A /* Landmark.swift */; };
		73481FC3272539CC0098936A /* ModelData.swift in Sources */ = {isa = PBXBuildFile; fileRef = 73481FC2272539CC0098936A /* ModelData.swift */; };
		73481FC82725540F0098936A /* LandmarkRow.swift in Sources */ = {isa = PBXBuildFile; fileRef = 73481FC72725540F0098936A /* LandmarkRow.swift */; };
		73481FCC272558980098936A /* LandmarkList.swift in Sources */ = {isa = PBXBuildFile; fileRef = 73481FCB272558980098936A /* LandmarkList.swift */; };
		73481FCF27255CDC0098936A /* LandmarkDetail.swift in Sources */ = {isa = PBXBuildFile; fileRef = 73481FCE27255CDC0098936A /* LandmarkDetail.swift */; };
		73481FD22725A0850098936A /* FavoriteButton.swift in Sources */ = {isa = PBXBuildFile; fileRef = 73481FD12725A0840098936A /* FavoriteButton.swift */; };
/* End PBXBuildFile section */

/* Begin PBXFileReference section */
		7318E13727284D4800B6632B /* HexagonParameters.swift */ = {isa = PBXFileReference; lastKnownFileType = sourcecode.swift; path = HexagonParameters.swift; sourceTree = "<group>"; };
		7318E13A27284F7E00B6632B /* BadgeBackground.swift */ = {isa = PBXFileReference; lastKnownFileType = sourcecode.swift; path = BadgeBackground.swift; sourceTree = "<group>"; };
		73481F87270F2B310098936A /* Landmarks_SwiftUI.app */ = {isa = PBXFileReference; explicitFileType = wrapper.application; includeInIndex = 0; path = Landmarks_SwiftUI.app; sourceTree = BUILT_PRODUCTS_DIR; };
		73481F8A270F2B310098936A /* Landmarks_SwiftUIApp.swift */ = {isa = PBXFileReference; lastKnownFileType = sourcecode.swift; path = Landmarks_SwiftUIApp.swift; sourceTree = "<group>"; };
		73481F8C270F2B310098936A /* ContentView.swift */ = {isa = PBXFileReference; lastKnownFileType = sourcecode.swift; path = ContentView.swift; sourceTree = "<group>"; };
		73481F8E270F2B3A0098936A /* Assets.xcassets */ = {isa = PBXFileReference; lastKnownFileType = folder.assetcatalog; path = Assets.xcassets; sourceTree = "<group>"; };
		73481F91270F2B3A0098936A /* Preview Assets.xcassets */ = {isa = PBXFileReference; lastKnownFileType = folder.assetcatalog; path = "Preview Assets.xcassets"; sourceTree = "<group>"; };
		73481F93270F2B3A0098936A /* Info.plist */ = {isa = PBXFileReference; lastKnownFileType = text.plist.xml; path = Info.plist; sourceTree = "<group>"; };
		73481F9A2716F3AA0098936A /* CircleImage.swift */ = {isa = PBXFileReference; lastKnownFileType = sourcecode.swift; path = CircleImage.swift; sourceTree = "<group>"; };
		73481F9D2720449B0098936A /* MapView.swift */ = {isa = PBXFileReference; lastKnownFileType = sourcecode.swift; path = MapView.swift; sourceTree = "<group>"; };
		73481FA2272530670098936A /* LICENSE.txt */ = {isa = PBXFileReference; fileEncoding = 4; lastKnownFileType = text; path = LICENSE.txt; sourceTree = "<group>"; };
		73481FA4272530670098936A /* umbagog@2x.jpg */ = {isa = PBXFileReference; lastKnownFileType = image.jpeg; path = "umbagog@2x.jpg"; sourceTree = "<group>"; };
		73481FA5272530670098936A /* twinlake@2x.jpg */ = {isa = PBXFileReference; lastKnownFileType = image.jpeg; path = "twinlake@2x.jpg"; sourceTree = "<group>"; };
		73481FA6272530670098936A /* chincoteague@2x.jpg */ = {isa = PBXFileReference; lastKnownFileType = image.jpeg; path = "chincoteague@2x.jpg"; sourceTree = "<group>"; };
		73481FA7272530670098936A /* lakemcdonald@2x.jpg */ = {isa = PBXFileReference; lastKnownFileType = image.jpeg; path = "lakemcdonald@2x.jpg"; sourceTree = "<group>"; };
		73481FA8272530670098936A /* silversalmoncreek@2x.jpg */ = {isa = PBXFileReference; lastKnownFileType = image.jpeg; path = "silversalmoncreek@2x.jpg"; sourceTree = "<group>"; };
		73481FA9272530670098936A /* icybay@2x.jpg */ = {isa = PBXFileReference; lastKnownFileType = image.jpeg; path = "icybay@2x.jpg"; sourceTree = "<group>"; };
		73481FAA272530670098936A /* hiddenlake@2x.jpg */ = {isa = PBXFileReference; lastKnownFileType = image.jpeg; path = "hiddenlake@2x.jpg"; sourceTree = "<group>"; };
		73481FAB272530670098936A /* chilkoottrail@2x.jpg */ = {isa = PBXFileReference; lastKnownFileType = image.jpeg; path = "chilkoottrail@2x.jpg"; sourceTree = "<group>"; };
		73481FAC272530670098936A /* stmarylake@2x.jpg */ = {isa = PBXFileReference; lastKnownFileType = image.jpeg; path = "stmarylake@2x.jpg"; sourceTree = "<group>"; };
		73481FAD272530670098936A /* charleyrivers@2x.jpg */ = {isa = PBXFileReference; lastKnownFileType = image.jpeg; path = "charleyrivers@2x.jpg"; sourceTree = "<group>"; };
		73481FAE272530670098936A /* rainbowlake@2x.jpg */ = {isa = PBXFileReference; lastKnownFileType = image.jpeg; path = "rainbowlake@2x.jpg"; sourceTree = "<group>"; };
		73481FAF272530670098936A /* landmarkData.json */ = {isa = PBXFileReference; fileEncoding = 4; lastKnownFileType = text.json; path = landmarkData.json; sourceTree = "<group>"; };
		73481FBE272533230098936A /* Landmark.swift */ = {isa = PBXFileReference; lastKnownFileType = sourcecode.swift; path = Landmark.swift; sourceTree = "<group>"; };
		73481FC2272539CC0098936A /* ModelData.swift */ = {isa = PBXFileReference; lastKnownFileType = sourcecode.swift; path = ModelData.swift; sourceTree = "<group>"; };
		73481FC72725540F0098936A /* LandmarkRow.swift */ = {isa = PBXFileReference; lastKnownFileType = sourcecode.swift; path = LandmarkRow.swift; sourceTree = "<group>"; };
		73481FCB272558980098936A /* LandmarkList.swift */ = {isa = PBXFileReference; lastKnownFileType = sourcecode.swift; path = LandmarkList.swift; sourceTree = "<group>"; };
		73481FCE27255CDC0098936A /* LandmarkDetail.swift */ = {isa = PBXFileReference; lastKnownFileType = sourcecode.swift; path = LandmarkDetail.swift; sourceTree = "<group>"; };
		73481FD12725A0840098936A /* FavoriteButton.swift */ = {isa = PBXFileReference; lastKnownFileType = sourcecode.swift; path = FavoriteButton.swift; sourceTree = "<group>"; };
/* End PBXFileReference section */

/* Begin PBXFrameworksBuildPhase section */
		73481F84270F2B310098936A /* Frameworks */ = {
			isa = PBXFrameworksBuildPhase;
			buildActionMask = 2147483647;
			files = (
			);
			runOnlyForDeploymentPostprocessing = 0;
		};
/* End PBXFrameworksBuildPhase section */

/* Begin PBXGroup section */
		73481F7E270F2B310098936A = {
			isa = PBXGroup;
			children = (
				73481F89270F2B310098936A /* Landmarks_SwiftUI */,
				73481F88270F2B310098936A /* Products */,
			);
			sourceTree = "<group>";
		};
		73481F88270F2B310098936A /* Products */ = {
			isa = PBXGroup;
			children = (
				73481F87270F2B310098936A /* Landmarks_SwiftUI.app */,
			);
			name = Products;
			sourceTree = "<group>";
		};
		73481F89270F2B310098936A /* Landmarks_SwiftUI */ = {
			isa = PBXGroup;
			children = (
				73481F8A270F2B310098936A /* Landmarks_SwiftUIApp.swift */,
				73481FA0272530670098936A /* Resources */,
				73481FC5272541290098936A /* Views */,
				73481FC6272541580098936A /* Model */,
				73481F8E270F2B3A0098936A /* Assets.xcassets */,
				73481F93270F2B3A0098936A /* Info.plist */,
				73481F90270F2B3A0098936A /* Preview Content */,
			);
			path = Landmarks_SwiftUI;
			sourceTree = "<group>";
		};
		73481F90270F2B3A0098936A /* Preview Content */ = {
			isa = PBXGroup;
			children = (
				73481F91270F2B3A0098936A /* Preview Assets.xcassets */,
			);
			path = "Preview Content";
			sourceTree = "<group>";
		};
		73481FA0272530670098936A /* Resources */ = {
			isa = PBXGroup;
			children = (
				73481FA1272530670098936A /* LICENSE */,
				73481FA3272530670098936A /* Images */,
				73481FAF272530670098936A /* landmarkData.json */,
			);
			path = Resources;
			sourceTree = "<group>";
		};
		73481FA1272530670098936A /* LICENSE */ = {
			isa = PBXGroup;
			children = (
				73481FA2272530670098936A /* LICENSE.txt */,
			);
			path = LICENSE;
			sourceTree = "<group>";
		};
		73481FA3272530670098936A /* Images */ = {
			isa = PBXGroup;
			children = (
				73481FA5272530670098936A /* twinlake@2x.jpg */,
				73481FA6272530670098936A /* chincoteague@2x.jpg */,
				73481FA7272530670098936A /* lakemcdonald@2x.jpg */,
				73481FA8272530670098936A /* silversalmoncreek@2x.jpg */,
				73481FA9272530670098936A /* icybay@2x.jpg */,
				73481FAA272530670098936A /* hiddenlake@2x.jpg */,
				73481FAC272530670098936A /* stmarylake@2x.jpg */,
				73481FAB272530670098936A /* chilkoottrail@2x.jpg */,
				73481FA4272530670098936A /* umbagog@2x.jpg */,
				73481FAD272530670098936A /* charleyrivers@2x.jpg */,
				73481FAE272530670098936A /* rainbowlake@2x.jpg */,
			);
			path = Images;
			sourceTree = "<group>";
		};
		73481FC5272541290098936A /* Views */ = {
			isa = PBXGroup;
			children = (
				7318E13727284D4800B6632B /* HexagonParameters.swift */,
				7318E13A27284F7E00B6632B /* BadgeBackground.swift */,
				73481F8C270F2B310098936A /* ContentView.swift */,
				73481FD52725A0E70098936A /* Landmark */,
				73481FD42725A0C50098936A /* Helpers */,
			);
			path = Views;
			sourceTree = "<group>";
		};
		73481FC6272541580098936A /* Model */ = {
			isa = PBXGroup;
			children = (
				73481FBE272533230098936A /* Landmark.swift */,
				73481FC2272539CC0098936A /* ModelData.swift */,
			);
			path = Model;
			sourceTree = "<group>";
		};
		73481FD42725A0C50098936A /* Helpers */ = {
			isa = PBXGroup;
			children = (
				73481F9A2716F3AA0098936A /* CircleImage.swift */,
				73481F9D2720449B0098936A /* MapView.swift */,
				73481FD12725A0840098936A /* FavoriteButton.swift */,
			);
			path = Helpers;
			sourceTree = "<group>";
		};
		73481FD52725A0E70098936A /* Landmark */ = {
			isa = PBXGroup;
			children = (
				73481FC72725540F0098936A /* LandmarkRow.swift */,
				73481FCB272558980098936A /* LandmarkList.swift */,
				73481FCE27255CDC0098936A /* LandmarkDetail.swift */,
			);
			path = Landmark;
			sourceTree = "<group>";
		};
/* End PBXGroup section */

/* Begin PBXNativeTarget section */
		73481F86270F2B310098936A /* Landmarks_SwiftUI */ = {
			isa = PBXNativeTarget;
			buildConfigurationList = 73481F96270F2B3A0098936A /* Build configuration list for PBXNativeTarget "Landmarks_SwiftUI" */;
			buildPhases = (
				73481F83270F2B310098936A /* Sources */,
				73481F84270F2B310098936A /* Frameworks */,
				73481F85270F2B310098936A /* Resources */,
			);
			buildRules = (
			);
			dependencies = (
			);
			name = Landmarks_SwiftUI;
			productName = Landmarks_SwiftUI;
			productReference = 73481F87270F2B310098936A /* Landmarks_SwiftUI.app */;
			productType = "com.apple.product-type.application";
		};
/* End PBXNativeTarget section */

/* Begin PBXProject section */
		73481F7F270F2B310098936A /* Project object */ = {
			isa = PBXProject;
			attributes = {
				LastSwiftUpdateCheck = 1240;
				LastUpgradeCheck = 1240;
				TargetAttributes = {
					73481F86270F2B310098936A = {
						CreatedOnToolsVersion = 12.4;
					};
				};
			};
			buildConfigurationList = 73481F82270F2B310098936A /* Build configuration list for PBXProject "Landmarks_SwiftUI" */;
			compatibilityVersion = "Xcode 9.3";
			developmentRegion = en;
			hasScannedForEncodings = 0;
			knownRegions = (
				en,
				Base,
			);
			mainGroup = 73481F7E270F2B310098936A;
			productRefGroup = 73481F88270F2B310098936A /* Products */;
			projectDirPath = "";
			projectRoot = "";
			targets = (
				73481F86270F2B310098936A /* Landmarks_SwiftUI */,
			);
		};
/* End PBXProject section */

/* Begin PBXResourcesBuildPhase section */
		73481F85270F2B310098936A /* Resources */ = {
			isa = PBXResourcesBuildPhase;
			buildActionMask = 2147483647;
			files = (
				73481FBA272530670098936A /* charleyrivers@2x.jpg in Resources */,
				73481FB0272530670098936A /* LICENSE.txt in Resources */,
				73481FB7272530670098936A /* hiddenlake@2x.jpg in Resources */,
				73481FB1272530670098936A /* umbagog@2x.jpg in Resources */,
				73481FBB272530670098936A /* rainbowlake@2x.jpg in Resources */,
				73481FB6272530670098936A /* icybay@2x.jpg in Resources */,
				73481FB5272530670098936A /* silversalmoncreek@2x.jpg in Resources */,
				73481F92270F2B3A0098936A /* Preview Assets.xcassets in Resources */,
				73481FBC272530670098936A /* landmarkData.json in Resources */,
				73481FB2272530670098936A /* twinlake@2x.jpg in Resources */,
				73481FB9272530670098936A /* stmarylake@2x.jpg in Resources */,
				73481FB4272530670098936A /* lakemcdonald@2x.jpg in Resources */,
				73481FB8272530670098936A /* chilkoottrail@2x.jpg in Resources */,
				73481F8F270F2B3A0098936A /* Assets.xcassets in Resources */,
				73481FB3272530670098936A /* chincoteague@2x.jpg in Resources */,
			);
			runOnlyForDeploymentPostprocessing = 0;
		};
/* End PBXResourcesBuildPhase section */

/* Begin PBXSourcesBuildPhase section */
		73481F83270F2B310098936A /* Sources */ = {
			isa = PBXSourcesBuildPhase;
			buildActionMask = 2147483647;
			files = (
				73481F8D270F2B310098936A /* ContentView.swift in Sources */,
				73481F9E2720449B0098936A /* MapView.swift in Sources */,
				73481F8B270F2B310098936A /* Landmarks_SwiftUIApp.swift in Sources */,
				73481FD22725A0850098936A /* FavoriteButton.swift in Sources */,
				7318E13827284D4800B6632B /* HexagonParameters.swift in Sources */,
				73481FCC272558980098936A /* LandmarkList.swift in Sources */,
				73481FCF27255CDC0098936A /* LandmarkDetail.swift in Sources */,
				7318E13B27284F7E00B6632B /* BadgeBackground.swift in Sources */,
				73481F9B2716F3AA0098936A /* CircleImage.swift in Sources */,
				73481FBF272533230098936A /* Landmark.swift in Sources */,
				73481FC82725540F0098936A /* LandmarkRow.swift in Sources */,
				73481FC3272539CC0098936A /* ModelData.swift in Sources */,
			);
			runOnlyForDeploymentPostprocessing = 0;
		};
/* End PBXSourcesBuildPhase section */

/* Begin XCBuildConfiguration section */
		73481F94270F2B3A0098936A /* Debug */ = {
			isa = XCBuildConfiguration;
			buildSettings = {
				ALWAYS_SEARCH_USER_PATHS = NO;
				CLANG_ANALYZER_NONNULL = YES;
				CLANG_ANALYZER_NUMBER_OBJECT_CONVERSION = YES_AGGRESSIVE;
				CLANG_CXX_LANGUAGE_STANDARD = "gnu++14";
				CLANG_CXX_LIBRARY = "libc++";
				CLANG_ENABLE_MODULES = YES;
				CLANG_ENABLE_OBJC_ARC = YES;
				CLANG_ENABLE_OBJC_WEAK = YES;
				CLANG_WARN_BLOCK_CAPTURE_AUTORELEASING = YES;
				CLANG_WARN_BOOL_CONVERSION = YES;
				CLANG_WARN_COMMA = YES;
				CLANG_WARN_CONSTANT_CONVERSION = YES;
				CLANG_WARN_DEPRECATED_OBJC_IMPLEMENTATIONS = YES;
				CLANG_WARN_DIRECT_OBJC_ISA_USAGE = YES_ERROR;
				CLANG_WARN_DOCUMENTATION_COMMENTS = YES;
				CLANG_WARN_EMPTY_BODY = YES;
				CLANG_WARN_ENUM_CONVERSION = YES;
				CLANG_WARN_INFINITE_RECURSION = YES;
				CLANG_WARN_INT_CONVERSION = YES;
				CLANG_WARN_NON_LITERAL_NULL_CONVERSION = YES;
				CLANG_WARN_OBJC_IMPLICIT_RETAIN_SELF = YES;
				CLANG_WARN_OBJC_LITERAL_CONVERSION = YES;
				CLANG_WARN_OBJC_ROOT_CLASS = YES_ERROR;
				CLANG_WARN_QUOTED_INCLUDE_IN_FRAMEWORK_HEADER = YES;
				CLANG_WARN_RANGE_LOOP_ANALYSIS = YES;
				CLANG_WARN_STRICT_PROTOTYPES = YES;
				CLANG_WARN_SUSPICIOUS_MOVE = YES;
				CLANG_WARN_UNGUARDED_AVAILABILITY = YES_AGGRESSIVE;
				CLANG_WARN_UNREACHABLE_CODE = YES;
				CLANG_WARN__DUPLICATE_METHOD_MATCH = YES;
				COPY_PHASE_STRIP = NO;
				DEBUG_INFORMATION_FORMAT = dwarf;
				ENABLE_STRICT_OBJC_MSGSEND = YES;
				ENABLE_TESTABILITY = YES;
				GCC_C_LANGUAGE_STANDARD = gnu11;
				GCC_DYNAMIC_NO_PIC = NO;
				GCC_NO_COMMON_BLOCKS = YES;
				GCC_OPTIMIZATION_LEVEL = 0;
				GCC_PREPROCESSOR_DEFINITIONS = (
					"DEBUG=1",
					"$(inherited)",
				);
				GCC_WARN_64_TO_32_BIT_CONVERSION = YES;
				GCC_WARN_ABOUT_RETURN_TYPE = YES_ERROR;
				GCC_WARN_UNDECLARED_SELECTOR = YES;
				GCC_WARN_UNINITIALIZED_AUTOS = YES_AGGRESSIVE;
				GCC_WARN_UNUSED_FUNCTION = YES;
				GCC_WARN_UNUSED_VARIABLE = YES;
				IPHONEOS_DEPLOYMENT_TARGET = 14.4;
				MTL_ENABLE_DEBUG_INFO = INCLUDE_SOURCE;
				MTL_FAST_MATH = YES;
				ONLY_ACTIVE_ARCH = YES;
				SDKROOT = iphoneos;
				SWIFT_ACTIVE_COMPILATION_CONDITIONS = DEBUG;
				SWIFT_OPTIMIZATION_LEVEL = "-Onone";
			};
			name = Debug;
		};
		73481F95270F2B3A0098936A /* Release */ = {
			isa = XCBuildConfiguration;
			buildSettings = {
				ALWAYS_SEARCH_USER_PATHS = NO;
				CLANG_ANALYZER_NONNULL = YES;
				CLANG_ANALYZER_NUMBER_OBJECT_CONVERSION = YES_AGGRESSIVE;
				CLANG_CXX_LANGUAGE_STANDARD = "gnu++14";
				CLANG_CXX_LIBRARY = "libc++";
				CLANG_ENABLE_MODULES = YES;
				CLANG_ENABLE_OBJC_ARC = YES;
				CLANG_ENABLE_OBJC_WEAK = YES;
				CLANG_WARN_BLOCK_CAPTURE_AUTORELEASING = YES;
				CLANG_WARN_BOOL_CONVERSION = YES;
				CLANG_WARN_COMMA = YES;
				CLANG_WARN_CONSTANT_CONVERSION = YES;
				CLANG_WARN_DEPRECATED_OBJC_IMPLEMENTATIONS = YES;
				CLANG_WARN_DIRECT_OBJC_ISA_USAGE = YES_ERROR;
				CLANG_WARN_DOCUMENTATION_COMMENTS = YES;
				CLANG_WARN_EMPTY_BODY = YES;
				CLANG_WARN_ENUM_CONVERSION = YES;
				CLANG_WARN_INFINITE_RECURSION = YES;
				CLANG_WARN_INT_CONVERSION = YES;
				CLANG_WARN_NON_LITERAL_NULL_CONVERSION = YES;
				CLANG_WARN_OBJC_IMPLICIT_RETAIN_SELF = YES;
				CLANG_WARN_OBJC_LITERAL_CONVERSION = YES;
				CLANG_WARN_OBJC_ROOT_CLASS = YES_ERROR;
				CLANG_WARN_QUOTED_INCLUDE_IN_FRAMEWORK_HEADER = YES;
				CLANG_WARN_RANGE_LOOP_ANALYSIS = YES;
				CLANG_WARN_STRICT_PROTOTYPES = YES;
				CLANG_WARN_SUSPICIOUS_MOVE = YES;
				CLANG_WARN_UNGUARDED_AVAILABILITY = YES_AGGRESSIVE;
				CLANG_WARN_UNREACHABLE_CODE = YES;
				CLANG_WARN__DUPLICATE_METHOD_MATCH = YES;
				COPY_PHASE_STRIP = NO;
				DEBUG_INFORMATION_FORMAT = "dwarf-with-dsym";
				ENABLE_NS_ASSERTIONS = NO;
				ENABLE_STRICT_OBJC_MSGSEND = YES;
				GCC_C_LANGUAGE_STANDARD = gnu11;
				GCC_NO_COMMON_BLOCKS = YES;
				GCC_WARN_64_TO_32_BIT_CONVERSION = YES;
				GCC_WARN_ABOUT_RETURN_TYPE = YES_ERROR;
				GCC_WARN_UNDECLARED_SELECTOR = YES;
				GCC_WARN_UNINITIALIZED_AUTOS = YES_AGGRESSIVE;
				GCC_WARN_UNUSED_FUNCTION = YES;
				GCC_WARN_UNUSED_VARIABLE = YES;
				IPHONEOS_DEPLOYMENT_TARGET = 14.4;
				MTL_ENABLE_DEBUG_INFO = NO;
				MTL_FAST_MATH = YES;
				SDKROOT = iphoneos;
				SWIFT_COMPILATION_MODE = wholemodule;
				SWIFT_OPTIMIZATION_LEVEL = "-O";
				VALIDATE_PRODUCT = YES;
			};
			name = Release;
		};
		73481F97270F2B3A0098936A /* Debug */ = {
			isa = XCBuildConfiguration;
			buildSettings = {
				ASSETCATALOG_COMPILER_APPICON_NAME = AppIcon;
				ASSETCATALOG_COMPILER_GLOBAL_ACCENT_COLOR_NAME = AccentColor;
				CODE_SIGN_STYLE = Automatic;
				DEVELOPMENT_ASSET_PATHS = "\"Landmarks_SwiftUI/Preview Content\"";
				DEVELOPMENT_TEAM = 53H47X4HXT;
				ENABLE_PREVIEWS = YES;
				INFOPLIST_FILE = Landmarks_SwiftUI/Info.plist;
				IPHONEOS_DEPLOYMENT_TARGET = 14.0;
				LD_RUNPATH_SEARCH_PATHS = (
					"$(inherited)",
					"@executable_path/Frameworks",
				);
				PRODUCT_BUNDLE_IDENTIFIER = "com.example.Landmarks-SwiftUI";
				PRODUCT_NAME = "$(TARGET_NAME)";
				SWIFT_VERSION = 5.0;
				TARGETED_DEVICE_FAMILY = "1,2";
			};
			name = Debug;
		};
		73481F98270F2B3A0098936A /* Release */ = {
			isa = XCBuildConfiguration;
			buildSettings = {
				ASSETCATALOG_COMPILER_APPICON_NAME = AppIcon;
				ASSETCATALOG_COMPILER_GLOBAL_ACCENT_COLOR_NAME = AccentColor;
				CODE_SIGN_STYLE = Automatic;
				DEVELOPMENT_ASSET_PATHS = "\"Landmarks_SwiftUI/Preview Content\"";
				DEVELOPMENT_TEAM = 53H47X4HXT;
				ENABLE_PREVIEWS = YES;
				INFOPLIST_FILE = Landmarks_SwiftUI/Info.plist;
				IPHONEOS_DEPLOYMENT_TARGET = 14.0;
				LD_RUNPATH_SEARCH_PATHS = (
					"$(inherited)",
					"@executable_path/Frameworks",
				);
				PRODUCT_BUNDLE_IDENTIFIER = "com.example.Landmarks-SwiftUI";
				PRODUCT_NAME = "$(TARGET_NAME)";
				SWIFT_VERSION = 5.0;
				TARGETED_DEVICE_FAMILY = "1,2";
			};
			name = Release;
		};
/* End XCBuildConfiguration section */

/* Begin XCConfigurationList section */
		73481F82270F2B310098936A /* Build configuration list for PBXProject "Landmarks_SwiftUI" */ = {
			isa = XCConfigurationList;
			buildConfigurations = (
				73481F94270F2B3A0098936A /* Debug */,
				73481F95270F2B3A0098936A /* Release */,
			);
			defaultConfigurationIsVisible = 0;
			defaultConfigurationName = Release;
		};
		73481F96270F2B3A0098936A /* Build configuration list for PBXNativeTarget "Landmarks_SwiftUI" */ = {
			isa = XCConfigurationList;
			buildConfigurations = (
				73481F97270F2B3A0098936A /* Debug */,
				73481F98270F2B3A0098936A /* Release */,
			);
			defaultConfigurationIsVisible = 0;
			defaultConfigurationName = Release;
		};
/* End XCConfigurationList section */
	};
	rootObject = 73481F7F270F2B310098936A /* Project object */;
}
